version = 1
revision = 3
requires-python = ">=3.14.2"

[[package]]
name = "gmpy2"
version = "2.3.0"
source = { registry = "https://pypi.org/simple" }
sdist = { url = "https://files.pythonhosted.org/packages/57/57/86fd2ed7722cddfc7b1aa87cc768ef89944aa759b019595765aff5ad96a7/gmpy2-2.3.0.tar.gz", hash = "sha256:2d943cc9051fcd6b15b2a09369e2f7e18c526bc04c210782e4da61b62495eb4a", size = 302252, upload-time = "2026-02-08T00:57:42.808Z" }
wheels = [
    { url = "https://files.pythonhosted.org/packages/db/2b/183a5a60974c284ea70d6c30dc32f3575c3b215f4a026c6cd128b14e5f7b/gmpy2-2.3.0-cp314-cp314-macosx_10_15_x86_64.whl", hash = "sha256:bf9ac69c1346a6dc21e62261d916325be74d1aee97e87e14c90eedbb0171feba", size = 858117, upload-time = "2026-02-08T00:56:58.914Z" },
    { url = "https://files.pythonhosted.org/packages/6a/22/2e254d93393c5d17b691bb5dacf13e5a25af1b3a389d451ed180a6170785/gmpy2-2.3.0-cp314-cp314-macosx_11_0_arm64.whl", hash = "sha256:0a42ced3bc8a679daa46fba0d7b46f5549c5c1400adc005da76a9420821ad959", size = 710234, upload-time = "2026-02-08T00:57:00.69Z" },
    { url = "https://files.pythonhosted.org/packages/37/e8/8c3a9b16281180d9f0910ba738817d2e523167dcc4f11745d2d5d1be603e/gmpy2-2.3.0-cp314-cp314-manylinux2014_aarch64.manylinux_2_17_aarch64.manylinux_2_28_aarch64.whl", hash = "sha256:17770d7a8fb06159563d63a69b95e9c935f94d078ec5b1876e64ae2f233cc97b", size = 1663100, upload-time = "2026-02-08T00:57:02.006Z" },
    { url = "https://files.pythonhosted.org/packages/d8/7c/acda4d717e1612aa7bdd58271e724c7dfb1b648cf8d55b16ec54ab1a9de7/gmpy2-2.3.0-cp314-cp314-manylinux2014_x86_64.manylinux_2_17_x86_64.manylinux_2_28_x86_64.whl", hash = "sha256:566861a586dabffc4913b3a99f611240c966e9d5fab71cdb3147e759a035ebd2", size = 1766955, upload-time = "2026-02-08T00:57:03.62Z" },
    { url = "https://files.pythonhosted.org/packages/9c/3a/b19226a5da1584b4de866beeb57bd80264cf033a62f29f4e06372dda25d2/gmpy2-2.3.0-cp314-cp314-musllinux_1_2_aarch64.whl", hash = "sha256:04112c8c572499877aa785e91a1b06a90ac65138638d8d331b78032b2fe76dd9", size = 1682426, upload-time = "2026-02-08T00:57:04.918Z" },
    { url = "https://files.pythonhosted.org/packages/a1/d4/c8e0987602cd2bb7a52f86d0288c77f444c6aaf565f329c6ee5c569a0e2d/gmpy2-2.3.0-cp314-cp314-musllinux_1_2_x86_64.whl", hash = "sha256:404f1c46e9e3871c482d485f661b8b94e7b8bb7837e582d2dad961a3c8a9aa81", size = 1720961, upload-time = "2026-02-08T00:57:06.321Z" },
    { url = "https://files.pythonhosted.org/packages/cb/a8/02eaf120e6d4379a68937c3c8af6974bbb71f59afa487fb41db168802bef/gmpy2-2.3.0-cp314-cp314-win_amd64.whl", hash = "sha256:9cedc4e27c543fa811175a00765bd284114fc6f813fcca2dbb24b383173115e2", size = 1262433, upload-time = "2026-02-08T00:57:09.459Z" },
    { url = "https://files.pythonhosted.org/packages/4b/2b/d729eb8b27ea66cdb4cdff69935b2b9fd119ef0dfd10a6ea073c5515a044/gmpy2-2.3.0-cp314-cp314-win_arm64.whl", hash = "sha256:51051b7327f384cbd6e3fecdb31280c3aab5648cc5f49a79d447b9851840eb65", size = 878764, upload-time = "2026-02-08T00:57:10.781Z" },
    { url = "https://files.pythonhosted.org/packages/4b/27/466e68e414a8393daed986b7115d5af279b7c7898265d0489f0a7d48550d/gmpy2-2.3.0-cp314-cp314t-macosx_10_15_x86_64.whl", hash = "sha256:23235c78f75f5d5349c5a28ba747abdabf8e43cb6c3e2d7296d9be07d5ee150c", size = 872741, upload-time = "2026-02-08T00:57:12.292Z" },
    { url = "https://files.pythonhosted.org/packages/6b/df/cdb5ca9310e76ab13172f058b6bc555b26d500e935c86c37bfd82dbc6e9e/gmpy2-2.3.0-cp314-cp314t-macosx_11_0_arm64.whl", hash = "sha256:884b200343db4eca4a918cff602ecd1686a8dfc44f4b0b7e7df21747edf4e168", size = 724203, upload-time = "2026-02-08T00:57:13.599Z" },
    { url = "https://files.pythonhosted.org/packages/81/78/8dc4d19701ddd0c121a5c98731ddb2cba353bc6fd2cee4136016ccfa910b/gmpy2-2.3.0-cp314-cp314t-manylinux2014_aarch64.manylinux_2_17_aarch64.manylinux_2_28_aarch64.whl", hash = "sha256:9d7cae51c2613884192901b3b7cf6546e4c70548589b58ef9eec7d3aaea88783", size = 1586697, upload-time = "2026-02-08T00:57:14.976Z" },
    { url = "https://files.pythonhosted.org/packages/99/55/4293bb1d180a74389cab9ef9dcc5337de0ca7b1254da395f8b41a4b63b99/gmpy2-2.3.0-cp314-cp314t-manylinux2014_x86_64.manylinux_2_17_x86_64.manylinux_2_28_x86_64.whl", hash = "sha256:399d8ed2168075837c9b8817808532d5d3fc197cd7b121822e97e8add3e60f7f", size = 1682178, upload-time = "2026-02-08T00:57:16.356Z" },
    { url = "https://files.pythonhosted.org/packages/7e/4f/c6d1104e4420e3d6a568653e4e3ee11fa368d1292f715e9b54cfc01bddc1/gmpy2-2.3.0-cp314-cp314t-musllinux_1_2_aarch64.whl", hash = "sha256:a5713e51e244470e986051ac2be4aa4d0594067216f07d76cd07234f8c25a2c6", size = 1600481, upload-time = "2026-02-08T00:57:17.638Z" },
    { url = "https://files.pythonhosted.org/packages/ef/0d/c9a1e7115822f1685958b29b05118d9b741a6670b5b80a40eaf39286afe3/gmpy2-2.3.0-cp314-cp314t-musllinux_1_2_x86_64.whl", hash = "sha256:baf62ccecb76a0c922af2f01c7fbb0b0f7606ed41fd7d59458656898a0dad5c9", size = 1639960, upload-time = "2026-02-08T00:57:18.895Z" },
    { url = "https://files.pythonhosted.org/packages/40/2d/9f5e6b7aa5a8d5ff09b9a2be01d6e6a8e79047c6362c12bd3c8a3d529d25/gmpy2-2.3.0-cp314-cp314t-win_amd64.whl", hash = "sha256:8b6399d2dd1229242b0e24ebf525f70fee0efa98f366990c7efafd32ce90855c", size = 1293163, upload-time = "2026-02-08T00:57:20.261Z" },
    { url = "https://files.pythonhosted.org/packages/96/40/4d55a2e094e203e89ad966903ed887bd379008c39ec94b6474260472b7f1/gmpy2-2.3.0-cp314-cp314t-win_arm64.whl", hash = "sha256:3c13f1078b30bbb95472f38e6213fb269be55ef37ede94fb9695fb1173e568a4", size = 882976, upload-time = "2026-02-08T00:57:21.712Z" },
]

[[package]]
name = "hyperscan"
version = "0.8.1"
source = { registry = "https://pypi.org/simple" }
sdist = { url = "https://files.pythonhosted.org/packages/cc/56/6359bfa86a3bfeeecbeeb1ffcfc9484058c8a8ae153c8bda2181c3511e6b/hyperscan-0.8.1.tar.gz", hash = "sha256:d50bf70b0110817a308bfb1855055dc4d649934857b958498a1791164f512779", size = 125303, upload-time = "2026-02-11T19:19:46.323Z" }
wheels = [
    { url = "https://files.pythonhosted.org/packages/19/af/093b2aabc490edd3440787d0b1b9152166aab5a231099ad5ed2d4e185ca2/hyperscan-0.8.1-cp314-cp314-macosx_10_15_x86_64.whl", hash = "sha256:1f0fcb17c5270d2cf49af42ceea65a9b606f0583bcd9f7d902882f860710330f", size = 2044212, upload-time = "2026-02-11T19:19:20.489Z" },
    { url = "https://files.pythonhosted.org/packages/0e/f7/0d6e23793939d9155f91bbdd14f963a1463b78625753e454c5e6d132fdad/hyperscan-0.8.1-cp314-cp314-macosx_11_0_arm64.whl", hash = "sha256:3ff9acaa9b96a8326188e79f87ebccee05f703dd6c888fb8250656ec91fa7c29", size = 2033060, upload-time = "2026-02-11T19:19:22.79Z" },
    { url = "https://files.pythonhosted.org/packages/e2/3f/a3a9b896993e10f27518c7cc8dfc71ad39c95e8b4fdc918c725dec61f1bf/hyperscan-0.8.1-cp314-cp314-manylinux2014_x86_64.manylinux_2_17_x86_64.whl", hash = "sha256:ad0ffbe030b6fa8714576313d6acffd4269a0b459ea6145b5fcde6dc83d50559", size = 2763730, upload-time = "2026-02-11T19:19:24.4Z" },
    { url = "https://files.pythonhosted.org/packages/09/75/266d29ea168efa6bc40353887eedfcfd1830614d1c1493533bb934f9a32c/hyperscan-0.8.1-cp314-cp314-manylinux_2_24_aarch64.manylinux_2_28_aarch64.whl", hash = "sha256:b9f4a47d2e200d4572ce29c9898e3f66c346311069e54029e5f5dee82e7b4755", size = 2567826, upload-time = "2026-02-11T19:19:26.233Z" },
    { url = "https://files.pythonhosted.org/packages/a7/3d/5d428187c455f55fc479ab8825babc850f684f9687a24c7d50f5de558502/hyperscan-0.8.1-cp314-cp314-musllinux_1_2_aarch64.whl", hash = "sha256:0356efcfe5ea9b58aad0132d691ab02b706a4d738fa88d50b2848ba73014be40", size = 2389750, upload-time = "2026-02-11T19:19:27.747Z" },
    { url = "https://files.pythonhosted.org/packages/0a/ee/44abb1caef838c9d8a471213a2180f2183e315892f6756fede01100129a6/hyperscan-0.8.1-cp314-cp314-musllinux_1_2_x86_64.whl", hash = "sha256:74a25eb34e099c728ad841bbae0a84c9b6794504f53f0c929d84a7a79818c5f6", size = 2428972, upload-time = "2026-02-11T19:19:29.808Z" },
    { url = "https://files.pythonhosted.org/packages/52/9c/3c29cd06da52385c5a9acf754a1519f9f3ae66f04e24cc7c1f432bda4d25/hyperscan-0.8.1-cp314-cp314-win_amd64.whl", hash = "sha256:e7216be94f40449e52a862d79ba2f860cda30ea7e980d9a5b4958552b2316673", size = 2018343, upload-time = "2026-02-11T19:19:31.132Z" },
    { url = "https://files.pythonhosted.org/packages/6f/df/63a1da4141bc56551976cfd077876d8a7c1f1e8fae0b2e1bea5132c1178d/hyperscan-0.8.1-cp314-cp314t-macosx_10_15_x86_64.whl", hash = "sha256:3fdf98e215b04cb8fae439ff7cc83657d4836b369b032c225f0d79a630b56f7c", size = 2045311, upload-time = "2026-02-11T19:19:32.454Z" },
    { url = "https://files.pythonhosted.org/packages/aa/4e/4bf3f5aaa43716534d5fa52a079c450bba2b08d6de295893ad2c9ceaba1f/hyperscan-0.8.1-cp314-cp314t-macosx_11_0_arm64.whl", hash = "sha256:272603d6fa6409064ce72c821d4c17f8cdc2aa92070e8c0e790eb107c4243f22", size = 2033721, upload-time = "2026-02-11T19:19:34.022Z" },
    { url = "https://files.pythonhosted.org/packages/0d/61/ee8a78d4af5b46edcd469736aa9d6f443833cc96b15a4f3cc1786b16ffa4/hyperscan-0.8.1-cp314-cp314t-manylinux2014_x86_64.manylinux_2_17_x86_64.whl", hash = "sha256:fcd43a1ce79d576edba65cf41fc7be15a935546e998a7830e76d1522bd6983f2", size = 2764106, upload-time = "2026-02-11T19:19:35.978Z" },
    { url = "https://files.pythonhosted.org/packages/85/80/1149824c5d0a7cece45e29f74bc76db8b6d00a7bd6141bb027a9c2b8bda0/hyperscan-0.8.1-cp314-cp314t-manylinux_2_24_aarch64.manylinux_2_28_aarch64.whl", hash = "sha256:b969157f433a3e1cbd4d9456a2bd02f9f76427d3512a185e959b2750c6dcb290", size = 2568316, upload-time = "2026-02-11T19:19:37.381Z" },
    { url = "https://files.pythonhosted.org/packages/4d/5d/da70598668ec666564febeda85f43ae7d014d5314888e6b65ed813668bce/hyperscan-0.8.1-cp314-cp314t-musllinux_1_2_aarch64.whl", hash = "sha256:bbb69b3aebee7241a361c7d0ab778bf1ca683a22ea8c146f03499dc8d85abce1", size = 2391145, upload-time = "2026-02-11T19:19:38.955Z" },
    { url = "https://files.pythonhosted.org/packages/da/fa/fa26c2ad3645a50561287f4cf36d4fa9ef1a41ffecce573905a05d29c980/hyperscan-0.8.1-cp314-cp314t-musllinux_1_2_x86_64.whl", hash = "sha256:78c9082637abd01180979cb31f0c627830c9380a5317bf1b104486f1711e312b", size = 2429992, upload-time = "2026-02-11T19:19:40.377Z" },
    { url = "https://files.pythonhosted.org/packages/74/31/071eaafc358c82c2ea857d4d3ccb2deb23b61bc3b17d7db887f2af32de82/hyperscan-0.8.1-cp314-cp314t-win_amd64.whl", hash = "sha256:cc051487704fa754089fbd449ded37ae1136e6d293abc52ac8f86c7efc31fd97", size = 2019709, upload-time = "2026-02-11T19:19:42.071Z" },
]

[[package]]
name = "irranalyze"
version = "0.1.0"
source = { virtual = "." }
dependencies = [
    { name = "gmpy2" },
    { name = "hyperscan" },
    { name = "mpmath" },
    { name = "sympy" },
]

[package.metadata]
requires-dist = [
    { name = "gmpy2", specifier = ">=2.3.0" },
    { name = "hyperscan", specifier = ">=0.8.1" },
    { name = "mpmath", specifier = ">=1.3.0" },
    { name = "sympy", specifier = ">=1.14.0" },
]

[[package]]
name = "mpmath"
version = "1.3.0"
source = { registry = "https://pypi.org/simple" }
sdist = { url = "https://files.pythonhosted.org/packages/e0/47/dd32fa426cc72114383ac549964eecb20ecfd886d1e5ccf5340b55b02f57/mpmath-1.3.0.tar.gz", hash = "sha256:7a28eb2a9774d00c7bc92411c19a89209d5da7c4c9a9e227be8330a23a25b91f", size = 508106, upload-time = "2023-03-07T16:47:11.061Z" }
wheels = [
    { url = "https://files.pythonhosted.org/packages/43/e3/7d92a15f894aa0c9c4b49b8ee9ac9850d6e63b03c9c32c0367a13ae62209/mpmath-1.3.0-py3-none-any.whl", hash = "sha256:a0b2b9fe80bbcd81a6647ff13108738cfb482d481d826cc0e02f5b35e5c88d2c", size = 536198, upload-time = "2023-03-07T16:47:09.197Z" },
]

[[package]]
name = "sympy"
version = "1.14.0"
source = { registry = "https://pypi.org/simple" }
dependencies = [
    { name = "mpmath" },
]
sdist = { url = "https://files.pythonhosted.org/packages/83/d3/803453b36afefb7c2bb238361cd4ae6125a569b4db67cd9e79846ba2d68c/sympy-1.14.0.tar.gz", hash = "sha256:d3d3fe8df1e5a0b42f0e7bdf50541697dbe7d23746e894990c030e2b05e72517", size = 7793921, upload-time = "2025-04-27T18:05:01.611Z" }
wheels = [
    { url = "https://files.pythonhosted.org/packages/a2/09/77d55d46fd61b4a135c444fc97158ef34a095e5681d0a6c10b75bf356191/sympy-1.14.0-py3-none-any.whl", hash = "sha256:e091cc3e99d2141a0ba2847328f5479b05d94a6635cb96148ccb3f34671bd8f5", size = 6299353, upload-time = "2025-04-27T18:04:59.103Z" },
]
